# THIS IS AN AUTOGENERATED FILE. DO NOT EDIT THIS FILE DIRECTLY.
# yarn lockfile v1


three@^0.144.0:
  version "0.144.0"
  resolved "https://registry.yarnpkg.com/three/-/three-0.144.0.tgz#2818517169f8ff94eea5f664f6ff1fcdcd436cc8"
  integrity sha512-R8AXPuqfjfRJKkYoTQcTK7A6i3AdO9++2n8ubya/GTU+fEHhYKu1ZooRSCPkx69jbnzT7dD/xEo6eROQTt2lJw==
